// !$*UTF8*$!
{
	archiveVersion = 1;
	classes = {
	};
	objectVersion = 55;
	objects = {

/* Begin PBXBuildFile section */
		853C3AAA293BFF7400A2F294 /* NewPetViewController.swift in Sources */ = {isa = PBXBuildFile; fileRef = 853C3AA9293BFF7400A2F294 /* NewPetViewController.swift */; };
		853C3AAC293C002100A2F294 /* TypePetViewController.swift in Sources */ = {isa = PBXBuildFile; fileRef = 853C3AAB293C002100A2F294 /* TypePetViewController.swift */; };
		853C3AB5293E36A500A2F294 /* ResultsTypeTableViewController.swift in Sources */ = {isa = PBXBuildFile; fileRef = 853C3AB4293E36A500A2F294 /* ResultsTypeTableViewController.swift */; };
		853C3AC1293E797500A2F294 /* PetImage.swift in Sources */ = {isa = PBXBuildFile; fileRef = 853C3AC0293E797500A2F294 /* PetImage.swift */; };
		853C3AC3293E98AF00A2F294 /* PetPhotoCollectionViewController.swift in Sources */ = {isa = PBXBuildFile; fileRef = 853C3AC2293E98AF00A2F294 /* PetPhotoCollectionViewController.swift */; };
		853C3ACD293ECED000A2F294 /* EditPetViewController.swift in Sources */ = {isa = PBXBuildFile; fileRef = 853C3ACC293ECED000A2F294 /* EditPetViewController.swift */; };
		853C3ACF293FAD3600A2F294 /* ImageCollectionViewController.swift in Sources */ = {isa = PBXBuildFile; fileRef = 853C3ACE293FAD3600A2F294 /* ImageCollectionViewController.swift */; };
		853C3AD2293FB13700A2F294 /* PetCollectionViewCell.swift in Sources */ = {isa = PBXBuildFile; fileRef = 853C3AD0293FB13700A2F294 /* PetCollectionViewCell.swift */; };
		853C3AD3293FB13700A2F294 /* PetCollectionViewCell.xib in Resources */ = {isa = PBXBuildFile; fileRef = 853C3AD1293FB13700A2F294 /* PetCollectionViewCell.xib */; };
		853C3AD72940017F00A2F294 /* EditPetViewDelegate.swift in Sources */ = {isa = PBXBuildFile; fileRef = 853C3AD62940017F00A2F294 /* EditPetViewDelegate.swift */; };
		853C3B512946A5F300A2F294 /* Configurator.swift in Sources */ = {isa = PBXBuildFile; fileRef = 853C3B502946A5F300A2F294 /* Configurator.swift */; };
		853C3B532946A91300A2F294 /* PetPhotoRouter.swift in Sources */ = {isa = PBXBuildFile; fileRef = 853C3B522946A91300A2F294 /* PetPhotoRouter.swift */; };
		853C3B552946A95A00A2F294 /* PetPhotoPresenter.swift in Sources */ = {isa = PBXBuildFile; fileRef = 853C3B542946A95A00A2F294 /* PetPhotoPresenter.swift */; };
		853C3B572946A98800A2F294 /* PetPhotoInteractor.swift in Sources */ = {isa = PBXBuildFile; fileRef = 853C3B562946A98800A2F294 /* PetPhotoInteractor.swift */; };
		853C3B5B2946AB1300A2F294 /* Networking.swift in Sources */ = {isa = PBXBuildFile; fileRef = 853C3B5A2946AB1300A2F294 /* Networking.swift */; };
		853C3B5D2946AD2700A2F294 /* PetResponse.swift in Sources */ = {isa = PBXBuildFile; fileRef = 853C3B5C2946AD2700A2F294 /* PetResponse.swift */; };
		853C3B5F2946ADCE00A2F294 /* PetImageResponse.swift in Sources */ = {isa = PBXBuildFile; fileRef = 853C3B5E2946ADCE00A2F294 /* PetImageResponse.swift */; };
		853C3B622947988000A2F294 /* Lottie in Frameworks */ = {isa = PBXBuildFile; productRef = 853C3B612947988000A2F294 /* Lottie */; };
		854B27CC293126F200D65718 /* AppDelegate.swift in Sources */ = {isa = PBXBuildFile; fileRef = 854B27CB293126F200D65718 /* AppDelegate.swift */; };
		854B27CE293126F200D65718 /* SceneDelegate.swift in Sources */ = {isa = PBXBuildFile; fileRef = 854B27CD293126F200D65718 /* SceneDelegate.swift */; };
		854B27D3293126F200D65718 /* Main.storyboard in Resources */ = {isa = PBXBuildFile; fileRef = 854B27D1293126F200D65718 /* Main.storyboard */; };
		854B27D5293126F400D65718 /* Assets.xcassets in Resources */ = {isa = PBXBuildFile; fileRef = 854B27D4293126F400D65718 /* Assets.xcassets */; };
		854B27D8293126F400D65718 /* LaunchScreen.storyboard in Resources */ = {isa = PBXBuildFile; fileRef = 854B27D6293126F400D65718 /* LaunchScreen.storyboard */; };
		854D487F29479D8E004C43ED /* FirebaseDatabase in Frameworks */ = {isa = PBXBuildFile; productRef = 854D487E29479D8E004C43ED /* FirebaseDatabase */; };
		854D488129479D8E004C43ED /* FirebaseDatabaseSwift in Frameworks */ = {isa = PBXBuildFile; productRef = 854D488029479D8E004C43ED /* FirebaseDatabaseSwift */; };
		854D488329479D8E004C43ED /* FirebaseStorage in Frameworks */ = {isa = PBXBuildFile; productRef = 854D488229479D8E004C43ED /* FirebaseStorage */; };
		854D48852947A977004C43ED /* GoogleService-Info.plist in Resources */ = {isa = PBXBuildFile; fileRef = 854D48842947A977004C43ED /* GoogleService-Info.plist */; };
		854D48872947BBC2004C43ED /* PetDetailRouter.swift in Sources */ = {isa = PBXBuildFile; fileRef = 854D48862947BBC2004C43ED /* PetDetailRouter.swift */; };
		854D48892947BBE5004C43ED /* PetDetailPresenter.swift in Sources */ = {isa = PBXBuildFile; fileRef = 854D48882947BBE5004C43ED /* PetDetailPresenter.swift */; };
		854D488B2947BC03004C43ED /* PetDetailInteractor.swift in Sources */ = {isa = PBXBuildFile; fileRef = 854D488A2947BC03004C43ED /* PetDetailInteractor.swift */; };
		854D488D2947BC61004C43ED /* PetListRouter.swift in Sources */ = {isa = PBXBuildFile; fileRef = 854D488C2947BC61004C43ED /* PetListRouter.swift */; };
		854D488F2947BC72004C43ED /* PetListPresenter.swift in Sources */ = {isa = PBXBuildFile; fileRef = 854D488E2947BC72004C43ED /* PetListPresenter.swift */; };
		854D48912947BC83004C43ED /* PetListInteractor.swift in Sources */ = {isa = PBXBuildFile; fileRef = 854D48902947BC83004C43ED /* PetListInteractor.swift */; };
		854D48932947BCB4004C43ED /* MyPetPhotoListRouter.swift in Sources */ = {isa = PBXBuildFile; fileRef = 854D48922947BCB4004C43ED /* MyPetPhotoListRouter.swift */; };
		854D48952947BCE9004C43ED /* MyPetPhotoListPresenter.swift in Sources */ = {isa = PBXBuildFile; fileRef = 854D48942947BCE9004C43ED /* MyPetPhotoListPresenter.swift */; };
		854D48972947BD5D004C43ED /* MyPetPhotoListInteractor.swift in Sources */ = {isa = PBXBuildFile; fileRef = 854D48962947BD5D004C43ED /* MyPetPhotoListInteractor.swift */; };
		854D48992947C15C004C43ED /* MyPetListInteractor.swift in Sources */ = {isa = PBXBuildFile; fileRef = 854D48982947C15C004C43ED /* MyPetListInteractor.swift */; };
		854D489B2947C182004C43ED /* MyPetListPresenter.swift in Sources */ = {isa = PBXBuildFile; fileRef = 854D489A2947C182004C43ED /* MyPetListPresenter.swift */; };
		854D489D2947C211004C43ED /* NewPetInteractor.swift in Sources */ = {isa = PBXBuildFile; fileRef = 854D489C2947C211004C43ED /* NewPetInteractor.swift */; };
		854D489F2947C21A004C43ED /* NewPetPresenter.swift in Sources */ = {isa = PBXBuildFile; fileRef = 854D489E2947C21A004C43ED /* NewPetPresenter.swift */; };
		854D48A12947C225004C43ED /* NewPetRouter.swift in Sources */ = {isa = PBXBuildFile; fileRef = 854D48A02947C225004C43ED /* NewPetRouter.swift */; };
		854D48A32947C247004C43ED /* EditPetPresenter.swift in Sources */ = {isa = PBXBuildFile; fileRef = 854D48A22947C247004C43ED /* EditPetPresenter.swift */; };
		854D48A52947C252004C43ED /* EditPetInteractor.swift in Sources */ = {isa = PBXBuildFile; fileRef = 854D48A42947C252004C43ED /* EditPetInteractor.swift */; };
		854D48A72947C2CB004C43ED /* EditPetRouter.swift in Sources */ = {isa = PBXBuildFile; fileRef = 854D48A62947C2CB004C43ED /* EditPetRouter.swift */; };
		854D48B82947CA08004C43ED /* MyPetListRouter.swift in Sources */ = {isa = PBXBuildFile; fileRef = 854D48B72947CA08004C43ED /* MyPetListRouter.swift */; };
		854D48C72947CB76004C43ED /* Configurator.swift in Sources */ = {isa = PBXBuildFile; fileRef = 854D48C62947CB76004C43ED /* Configurator.swift */; };
		854D48C92947CB80004C43ED /* Configurator.swift in Sources */ = {isa = PBXBuildFile; fileRef = 854D48C82947CB7F004C43ED /* Configurator.swift */; };
		854D48CB2947CB8A004C43ED /* Configurator.swift in Sources */ = {isa = PBXBuildFile; fileRef = 854D48CA2947CB8A004C43ED /* Configurator.swift */; };
		854D48CD2947CB99004C43ED /* Configurator.swift in Sources */ = {isa = PBXBuildFile; fileRef = 854D48CC2947CB99004C43ED /* Configurator.swift */; };
		854D48CF2947CBA9004C43ED /* Configurator.swift in Sources */ = {isa = PBXBuildFile; fileRef = 854D48CE2947CBA9004C43ED /* Configurator.swift */; };
		854EFA99293A486100524409 /* MyPetCollectionViewCell.swift in Sources */ = {isa = PBXBuildFile; fileRef = 854EFA98293A486100524409 /* MyPetCollectionViewCell.swift */; };
		85CCC84D2937C8FD00DE5EB0 /* Pet.swift in Sources */ = {isa = PBXBuildFile; fileRef = 85CCC84C2937C8FD00DE5EB0 /* Pet.swift */; };
		85CCC84F2937F8FD00DE5EB0 /* PetDetailViewController.swift in Sources */ = {isa = PBXBuildFile; fileRef = 85CCC84E2937F8FD00DE5EB0 /* PetDetailViewController.swift */; };
		85CCC857293819DC00DE5EB0 /* PersonTableViewCell.swift in Sources */ = {isa = PBXBuildFile; fileRef = 85CCC856293819DC00DE5EB0 /* PersonTableViewCell.swift */; };
		85CCC8592939005500DE5EB0 /* MyPetViewController.swift in Sources */ = {isa = PBXBuildFile; fileRef = 85CCC8582939005500DE5EB0 /* MyPetViewController.swift */; };
		85CCC85B2939007000DE5EB0 /* MyPetListViewController.swift in Sources */ = {isa = PBXBuildFile; fileRef = 85CCC85A2939007000DE5EB0 /* MyPetListViewController.swift */; };
		85E0CB76293681FB0061A49C /* HomeViewController.swift in Sources */ = {isa = PBXBuildFile; fileRef = 85E0CB75293681FB0061A49C /* HomeViewController.swift */; };
/* End PBXBuildFile section */

/* Begin PBXFileReference section */
		853C3AA9293BFF7400A2F294 /* NewPetViewController.swift */ = {isa = PBXFileReference; lastKnownFileType = sourcecode.swift; path = NewPetViewController.swift; sourceTree = "<group>"; };
		853C3AAB293C002100A2F294 /* TypePetViewController.swift */ = {isa = PBXFileReference; lastKnownFileType = sourcecode.swift; path = TypePetViewController.swift; sourceTree = "<group>"; };
		853C3AB4293E36A500A2F294 /* ResultsTypeTableViewController.swift */ = {isa = PBXFileReference; lastKnownFileType = sourcecode.swift; path = ResultsTypeTableViewController.swift; sourceTree = "<group>"; };
		853C3AC0293E797500A2F294 /* PetImage.swift */ = {isa = PBXFileReference; lastKnownFileType = sourcecode.swift; path = PetImage.swift; sourceTree = "<group>"; };
		853C3AC2293E98AF00A2F294 /* PetPhotoCollectionViewController.swift */ = {isa = PBXFileReference; lastKnownFileType = sourcecode.swift; path = PetPhotoCollectionViewController.swift; sourceTree = "<group>"; };
		853C3ACC293ECED000A2F294 /* EditPetViewController.swift */ = {isa = PBXFileReference; lastKnownFileType = sourcecode.swift; path = EditPetViewController.swift; sourceTree = "<group>"; };
		853C3ACE293FAD3600A2F294 /* ImageCollectionViewController.swift */ = {isa = PBXFileReference; lastKnownFileType = sourcecode.swift; path = ImageCollectionViewController.swift; sourceTree = "<group>"; };
		853C3AD0293FB13700A2F294 /* PetCollectionViewCell.swift */ = {isa = PBXFileReference; lastKnownFileType = sourcecode.swift; path = PetCollectionViewCell.swift; sourceTree = "<group>"; };
		853C3AD1293FB13700A2F294 /* PetCollectionViewCell.xib */ = {isa = PBXFileReference; lastKnownFileType = file.xib; path = PetCollectionViewCell.xib; sourceTree = "<group>"; };
		853C3AD62940017F00A2F294 /* EditPetViewDelegate.swift */ = {isa = PBXFileReference; lastKnownFileType = sourcecode.swift; path = EditPetViewDelegate.swift; sourceTree = "<group>"; };
		853C3B502946A5F300A2F294 /* Configurator.swift */ = {isa = PBXFileReference; lastKnownFileType = sourcecode.swift; path = Configurator.swift; sourceTree = "<group>"; };
		853C3B522946A91300A2F294 /* PetPhotoRouter.swift */ = {isa = PBXFileReference; lastKnownFileType = sourcecode.swift; path = PetPhotoRouter.swift; sourceTree = "<group>"; };
		853C3B542946A95A00A2F294 /* PetPhotoPresenter.swift */ = {isa = PBXFileReference; lastKnownFileType = sourcecode.swift; path = PetPhotoPresenter.swift; sourceTree = "<group>"; };
		853C3B562946A98800A2F294 /* PetPhotoInteractor.swift */ = {isa = PBXFileReference; lastKnownFileType = sourcecode.swift; path = PetPhotoInteractor.swift; sourceTree = "<group>"; };
		853C3B5A2946AB1300A2F294 /* Networking.swift */ = {isa = PBXFileReference; lastKnownFileType = sourcecode.swift; path = Networking.swift; sourceTree = "<group>"; };
		853C3B5C2946AD2700A2F294 /* PetResponse.swift */ = {isa = PBXFileReference; lastKnownFileType = sourcecode.swift; path = PetResponse.swift; sourceTree = "<group>"; };
		853C3B5E2946ADCE00A2F294 /* PetImageResponse.swift */ = {isa = PBXFileReference; lastKnownFileType = sourcecode.swift; path = PetImageResponse.swift; sourceTree = "<group>"; };
		854B27C8293126F200D65718 /* PetFace.app */ = {isa = PBXFileReference; explicitFileType = wrapper.application; includeInIndex = 0; path = PetFace.app; sourceTree = BUILT_PRODUCTS_DIR; };
		854B27CB293126F200D65718 /* AppDelegate.swift */ = {isa = PBXFileReference; lastKnownFileType = sourcecode.swift; path = AppDelegate.swift; sourceTree = "<group>"; };
		854B27CD293126F200D65718 /* SceneDelegate.swift */ = {isa = PBXFileReference; lastKnownFileType = sourcecode.swift; path = SceneDelegate.swift; sourceTree = "<group>"; };
		854B27D2293126F200D65718 /* Base */ = {isa = PBXFileReference; lastKnownFileType = file.storyboard; name = Base; path = Base.lproj/Main.storyboard; sourceTree = "<group>"; };
		854B27D4293126F400D65718 /* Assets.xcassets */ = {isa = PBXFileReference; lastKnownFileType = folder.assetcatalog; path = Assets.xcassets; sourceTree = "<group>"; };
		854B27D7293126F400D65718 /* Base */ = {isa = PBXFileReference; lastKnownFileType = file.storyboard; name = Base; path = Base.lproj/LaunchScreen.storyboard; sourceTree = "<group>"; };
		854B27D9293126F400D65718 /* Info.plist */ = {isa = PBXFileReference; lastKnownFileType = text.plist.xml; path = Info.plist; sourceTree = "<group>"; };
		854D48842947A977004C43ED /* GoogleService-Info.plist */ = {isa = PBXFileReference; fileEncoding = 4; lastKnownFileType = text.plist.xml; name = "GoogleService-Info.plist"; path = "../../../../../Downloads/GoogleService-Info.plist"; sourceTree = "<group>"; };
		854D48862947BBC2004C43ED /* PetDetailRouter.swift */ = {isa = PBXFileReference; lastKnownFileType = sourcecode.swift; path = PetDetailRouter.swift; sourceTree = "<group>"; };
		854D48882947BBE5004C43ED /* PetDetailPresenter.swift */ = {isa = PBXFileReference; lastKnownFileType = sourcecode.swift; path = PetDetailPresenter.swift; sourceTree = "<group>"; };
		854D488A2947BC03004C43ED /* PetDetailInteractor.swift */ = {isa = PBXFileReference; lastKnownFileType = sourcecode.swift; path = PetDetailInteractor.swift; sourceTree = "<group>"; };
		854D488C2947BC61004C43ED /* PetListRouter.swift */ = {isa = PBXFileReference; lastKnownFileType = sourcecode.swift; path = PetListRouter.swift; sourceTree = "<group>"; };
		854D488E2947BC72004C43ED /* PetListPresenter.swift */ = {isa = PBXFileReference; lastKnownFileType = sourcecode.swift; path = PetListPresenter.swift; sourceTree = "<group>"; };
		854D48902947BC83004C43ED /* PetListInteractor.swift */ = {isa = PBXFileReference; lastKnownFileType = sourcecode.swift; path = PetListInteractor.swift; sourceTree = "<group>"; };
		854D48922947BCB4004C43ED /* MyPetPhotoListRouter.swift */ = {isa = PBXFileReference; lastKnownFileType = sourcecode.swift; path = MyPetPhotoListRouter.swift; sourceTree = "<group>"; };
		854D48942947BCE9004C43ED /* MyPetPhotoListPresenter.swift */ = {isa = PBXFileReference; lastKnownFileType = sourcecode.swift; path = MyPetPhotoListPresenter.swift; sourceTree = "<group>"; };
		854D48962947BD5D004C43ED /* MyPetPhotoListInteractor.swift */ = {isa = PBXFileReference; lastKnownFileType = sourcecode.swift; path = MyPetPhotoListInteractor.swift; sourceTree = "<group>"; };
		854D48982947C15C004C43ED /* MyPetListInteractor.swift */ = {isa = PBXFileReference; lastKnownFileType = sourcecode.swift; path = MyPetListInteractor.swift; sourceTree = "<group>"; };
		854D489A2947C182004C43ED /* MyPetListPresenter.swift */ = {isa = PBXFileReference; lastKnownFileType = sourcecode.swift; path = MyPetListPresenter.swift; sourceTree = "<group>"; };
		854D489C2947C211004C43ED /* NewPetInteractor.swift */ = {isa = PBXFileReference; lastKnownFileType = sourcecode.swift; path = NewPetInteractor.swift; sourceTree = "<group>"; };
		854D489E2947C21A004C43ED /* NewPetPresenter.swift */ = {isa = PBXFileReference; lastKnownFileType = sourcecode.swift; path = NewPetPresenter.swift; sourceTree = "<group>"; };
		854D48A02947C225004C43ED /* NewPetRouter.swift */ = {isa = PBXFileReference; lastKnownFileType = sourcecode.swift; path = NewPetRouter.swift; sourceTree = "<group>"; };
		854D48A22947C247004C43ED /* EditPetPresenter.swift */ = {isa = PBXFileReference; lastKnownFileType = sourcecode.swift; path = EditPetPresenter.swift; sourceTree = "<group>"; };
		854D48A42947C252004C43ED /* EditPetInteractor.swift */ = {isa = PBXFileReference; lastKnownFileType = sourcecode.swift; path = EditPetInteractor.swift; sourceTree = "<group>"; };
		854D48A62947C2CB004C43ED /* EditPetRouter.swift */ = {isa = PBXFileReference; lastKnownFileType = sourcecode.swift; path = EditPetRouter.swift; sourceTree = "<group>"; };
		854D48B72947CA08004C43ED /* MyPetListRouter.swift */ = {isa = PBXFileReference; lastKnownFileType = sourcecode.swift; path = MyPetListRouter.swift; sourceTree = "<group>"; };
		854D48C62947CB76004C43ED /* Configurator.swift */ = {isa = PBXFileReference; lastKnownFileType = sourcecode.swift; path = Configurator.swift; sourceTree = "<group>"; };
		854D48C82947CB7F004C43ED /* Configurator.swift */ = {isa = PBXFileReference; lastKnownFileType = sourcecode.swift; path = Configurator.swift; sourceTree = "<group>"; };
		854D48CA2947CB8A004C43ED /* Configurator.swift */ = {isa = PBXFileReference; lastKnownFileType = sourcecode.swift; path = Configurator.swift; sourceTree = "<group>"; };
		854D48CC2947CB99004C43ED /* Configurator.swift */ = {isa = PBXFileReference; lastKnownFileType = sourcecode.swift; path = Configurator.swift; sourceTree = "<group>"; };
		854D48CE2947CBA9004C43ED /* Configurator.swift */ = {isa = PBXFileReference; lastKnownFileType = sourcecode.swift; path = Configurator.swift; sourceTree = "<group>"; };
		854EFA98293A486100524409 /* MyPetCollectionViewCell.swift */ = {isa = PBXFileReference; lastKnownFileType = sourcecode.swift; path = MyPetCollectionViewCell.swift; sourceTree = "<group>"; };
		85CCC84C2937C8FD00DE5EB0 /* Pet.swift */ = {isa = PBXFileReference; lastKnownFileType = sourcecode.swift; path = Pet.swift; sourceTree = "<group>"; };
		85CCC84E2937F8FD00DE5EB0 /* PetDetailViewController.swift */ = {isa = PBXFileReference; lastKnownFileType = sourcecode.swift; path = PetDetailViewController.swift; sourceTree = "<group>"; };
		85CCC856293819DC00DE5EB0 /* PersonTableViewCell.swift */ = {isa = PBXFileReference; lastKnownFileType = sourcecode.swift; path = PersonTableViewCell.swift; sourceTree = "<group>"; };
		85CCC8582939005500DE5EB0 /* MyPetViewController.swift */ = {isa = PBXFileReference; lastKnownFileType = sourcecode.swift; path = MyPetViewController.swift; sourceTree = "<group>"; };
		85CCC85A2939007000DE5EB0 /* MyPetListViewController.swift */ = {isa = PBXFileReference; lastKnownFileType = sourcecode.swift; path = MyPetListViewController.swift; sourceTree = "<group>"; };
		85E0CB75293681FB0061A49C /* HomeViewController.swift */ = {isa = PBXFileReference; lastKnownFileType = sourcecode.swift; path = HomeViewController.swift; sourceTree = "<group>"; };
/* End PBXFileReference section */

/* Begin PBXFrameworksBuildPhase section */
		854B27C5293126F200D65718 /* Frameworks */ = {
			isa = PBXFrameworksBuildPhase;
			buildActionMask = 2147483647;
			files = (
				854D488129479D8E004C43ED /* FirebaseDatabaseSwift in Frameworks */,
				854D488329479D8E004C43ED /* FirebaseStorage in Frameworks */,
				854D487F29479D8E004C43ED /* FirebaseDatabase in Frameworks */,
				853C3B622947988000A2F294 /* Lottie in Frameworks */,
			);
			runOnlyForDeploymentPostprocessing = 0;
		};
/* End PBXFrameworksBuildPhase section */

/* Begin PBXGroup section */
		853C3AB6293E562700A2F294 /* myPetList */ = {
			isa = PBXGroup;
			children = (
				854D48B42947C9E8004C43ED /* View */,
				854D48B52947C9F0004C43ED /* Interactor */,
				854D48B62947C9FB004C43ED /* Presenter */,
				854D48B92947CA0E004C43ED /* Router */,
				854D48CE2947CBA9004C43ED /* Configurator.swift */,
			);
			path = myPetList;
			sourceTree = "<group>";
		};
		853C3AB7293E56AE00A2F294 /* addMyPet */ = {
			isa = PBXGroup;
			children = (
				854D48BA2947CA5F004C43ED /* View */,
				854D48BB2947CA65004C43ED /* Interactor */,
				854D48BC2947CA8B004C43ED /* Presenter */,
				854D48BD2947CA92004C43ED /* Router */,
			);
			path = addMyPet;
			sourceTree = "<group>";
		};
		853C3AB8293E570D00A2F294 /* myPetDetail */ = {
			isa = PBXGroup;
			children = (
				85CCC856293819DC00DE5EB0 /* PersonTableViewCell.swift */,
				85CCC8582939005500DE5EB0 /* MyPetViewController.swift */,
			);
			path = myPetDetail;
			sourceTree = "<group>";
		};
		853C3ABA293E574F00A2F294 /* myPets */ = {
			isa = PBXGroup;
			children = (
				853C3AFA294147BE00A2F294 /* myPetPhotoList */,
				853C3AB6293E562700A2F294 /* myPetList */,
				853C3AB7293E56AE00A2F294 /* addMyPet */,
				853C3AC9293ECAFC00A2F294 /* editMyPet */,
			);
			path = myPets;
			sourceTree = "<group>";
		};
		853C3ABB293E579A00A2F294 /* pets */ = {
			isa = PBXGroup;
			children = (
				853C3AC4293E98F600A2F294 /* petPhotoList */,
				853C3ABC293E57C200A2F294 /* petDetail */,
				853C3ABD293E57D700A2F294 /* petList */,
			);
			path = pets;
			sourceTree = "<group>";
		};
		853C3ABC293E57C200A2F294 /* petDetail */ = {
			isa = PBXGroup;
			children = (
				854D48A82947C935004C43ED /* view */,
				854D48A92947C941004C43ED /* Router */,
				854D48AA2947C94A004C43ED /* Presenter */,
				854D48AB2947C953004C43ED /* Interactor */,
				854D48C82947CB7F004C43ED /* Configurator.swift */,
			);
			path = petDetail;
			sourceTree = "<group>";
		};
		853C3ABD293E57D700A2F294 /* petList */ = {
			isa = PBXGroup;
			children = (
				854D48AC2947C962004C43ED /* View */,
				854D48AD2947C96D004C43ED /* Router */,
				854D48AE2947C97B004C43ED /* Presenter */,
				854D48AF2947C983004C43ED /* Interactor */,
				854D48CA2947CB8A004C43ED /* Configurator.swift */,
			);
			path = petList;
			sourceTree = "<group>";
		};
		853C3ABF293E586A00A2F294 /* models */ = {
			isa = PBXGroup;
			children = (
				85CCC84C2937C8FD00DE5EB0 /* Pet.swift */,
				853C3AC0293E797500A2F294 /* PetImage.swift */,
			);
			path = models;
			sourceTree = "<group>";
		};
		853C3AC4293E98F600A2F294 /* petPhotoList */ = {
			isa = PBXGroup;
			children = (
				854D48C22947CAE2004C43ED /* View */,
				854D48C52947CB15004C43ED /* Interactor */,
				854D48C32947CAEB004C43ED /* Presenter */,
				854D48C42947CAF9004C43ED /* Router */,
				854D48C62947CB76004C43ED /* Configurator.swift */,
			);
			path = petPhotoList;
			sourceTree = "<group>";
		};
		853C3AC9293ECAFC00A2F294 /* editMyPet */ = {
			isa = PBXGroup;
			children = (
				854D48BE2947CAA4004C43ED /* View */,
				854D48BF2947CAAC004C43ED /* Presenter */,
				854D48C02947CABB004C43ED /* Interactor */,
				854D48C12947CAC6004C43ED /* Router */,
			);
			path = editMyPet;
			sourceTree = "<group>";
		};
		853C3AD4293FFC0F00A2F294 /* customCells */ = {
			isa = PBXGroup;
			children = (
				853C3AD5293FFC2900A2F294 /* petImageCell */,
			);
			path = customCells;
			sourceTree = "<group>";
		};
		853C3AD5293FFC2900A2F294 /* petImageCell */ = {
			isa = PBXGroup;
			children = (
				853C3AD0293FB13700A2F294 /* PetCollectionViewCell.swift */,
				853C3AD1293FB13700A2F294 /* PetCollectionViewCell.xib */,
			);
			path = petImageCell;
			sourceTree = "<group>";
		};
		853C3AFA294147BE00A2F294 /* myPetPhotoList */ = {
			isa = PBXGroup;
			children = (
				854D48CC2947CB99004C43ED /* Configurator.swift */,
				854D48B22947C9CF004C43ED /* Presenter */,
				854D48B12947C9C5004C43ED /* Router */,
				854D48B02947C992004C43ED /* View */,
				854D48B32947C9D8004C43ED /* Interactor */,
			);
			path = myPetPhotoList;
			sourceTree = "<group>";
		};
		853C3B582946AAD900A2F294 /* Resources */ = {
			isa = PBXGroup;
			children = (
				853C3B5C2946AD2700A2F294 /* PetResponse.swift */,
				853C3B5E2946ADCE00A2F294 /* PetImageResponse.swift */,
			);
			path = Resources;
			sourceTree = "<group>";
		};
		853C3B592946AAE500A2F294 /* Extras */ = {
			isa = PBXGroup;
			children = (
				853C3B5A2946AB1300A2F294 /* Networking.swift */,
			);
			path = Extras;
			sourceTree = "<group>";
		};
		854B27BF293126F200D65718 = {
			isa = PBXGroup;
			children = (
				853C3B502946A5F300A2F294 /* Configurator.swift */,
				854B27CA293126F200D65718 /* PetFace */,
				854B27C9293126F200D65718 /* Products */,
			);
			sourceTree = "<group>";
		};
		854B27C9293126F200D65718 /* Products */ = {
			isa = PBXGroup;
			children = (
				854B27C8293126F200D65718 /* PetFace.app */,
			);
			name = Products;
			sourceTree = "<group>";
		};
		854B27CA293126F200D65718 /* PetFace */ = {
			isa = PBXGroup;
			children = (
				853C3B592946AAE500A2F294 /* Extras */,
				853C3B582946AAD900A2F294 /* Resources */,
				853C3AD4293FFC0F00A2F294 /* customCells */,
				853C3ABF293E586A00A2F294 /* models */,
				853C3ABB293E579A00A2F294 /* pets */,
				853C3ABA293E574F00A2F294 /* myPets */,
				854B27CB293126F200D65718 /* AppDelegate.swift */,
				854B27CD293126F200D65718 /* SceneDelegate.swift */,
				854B27D1293126F200D65718 /* Main.storyboard */,
				854B27D4293126F400D65718 /* Assets.xcassets */,
				854B27D6293126F400D65718 /* LaunchScreen.storyboard */,
				854B27D9293126F400D65718 /* Info.plist */,
				854D48842947A977004C43ED /* GoogleService-Info.plist */,
			);
			path = PetFace;
			sourceTree = "<group>";
		};
		854D48A82947C935004C43ED /* view */ = {
			isa = PBXGroup;
			children = (
				85CCC84E2937F8FD00DE5EB0 /* PetDetailViewController.swift */,
			);
			path = view;
			sourceTree = "<group>";
		};
		854D48A92947C941004C43ED /* Router */ = {
			isa = PBXGroup;
			children = (
				854D48862947BBC2004C43ED /* PetDetailRouter.swift */,
			);
			path = Router;
			sourceTree = "<group>";
		};
		854D48AA2947C94A004C43ED /* Presenter */ = {
			isa = PBXGroup;
			children = (
				854D48882947BBE5004C43ED /* PetDetailPresenter.swift */,
			);
			path = Presenter;
			sourceTree = "<group>";
		};
		854D48AB2947C953004C43ED /* Interactor */ = {
			isa = PBXGroup;
			children = (
				854D488A2947BC03004C43ED /* PetDetailInteractor.swift */,
			);
			path = Interactor;
			sourceTree = "<group>";
		};
		854D48AC2947C962004C43ED /* View */ = {
			isa = PBXGroup;
			children = (
				853C3AB4293E36A500A2F294 /* ResultsTypeTableViewController.swift */,
				85E0CB75293681FB0061A49C /* HomeViewController.swift */,
			);
			path = View;
			sourceTree = "<group>";
		};
		854D48AD2947C96D004C43ED /* Router */ = {
			isa = PBXGroup;
			children = (
				854D488C2947BC61004C43ED /* PetListRouter.swift */,
			);
			path = Router;
			sourceTree = "<group>";
		};
		854D48AE2947C97B004C43ED /* Presenter */ = {
			isa = PBXGroup;
			children = (
				854D488E2947BC72004C43ED /* PetListPresenter.swift */,
			);
			path = Presenter;
			sourceTree = "<group>";
		};
		854D48AF2947C983004C43ED /* Interactor */ = {
			isa = PBXGroup;
			children = (
				854D48902947BC83004C43ED /* PetListInteractor.swift */,
			);
			path = Interactor;
			sourceTree = "<group>";
		};
		854D48B02947C992004C43ED /* View */ = {
			isa = PBXGroup;
			children = (
				853C3AB8293E570D00A2F294 /* myPetDetail */,
				853C3ACE293FAD3600A2F294 /* ImageCollectionViewController.swift */,
			);
			path = View;
			sourceTree = "<group>";
		};
		854D48B12947C9C5004C43ED /* Router */ = {
			isa = PBXGroup;
			children = (
				854D48922947BCB4004C43ED /* MyPetPhotoListRouter.swift */,
			);
			path = Router;
			sourceTree = "<group>";
		};
		854D48B22947C9CF004C43ED /* Presenter */ = {
			isa = PBXGroup;
			children = (
				854D48942947BCE9004C43ED /* MyPetPhotoListPresenter.swift */,
			);
			path = Presenter;
			sourceTree = "<group>";
		};
		854D48B32947C9D8004C43ED /* Interactor */ = {
			isa = PBXGroup;
			children = (
				854D48962947BD5D004C43ED /* MyPetPhotoListInteractor.swift */,
			);
			path = Interactor;
			sourceTree = "<group>";
		};
		854D48B42947C9E8004C43ED /* View */ = {
			isa = PBXGroup;
			children = (
				854EFA98293A486100524409 /* MyPetCollectionViewCell.swift */,
				85CCC85A2939007000DE5EB0 /* MyPetListViewController.swift */,
			);
			path = View;
			sourceTree = "<group>";
		};
		854D48B52947C9F0004C43ED /* Interactor */ = {
			isa = PBXGroup;
			children = (
				854D48982947C15C004C43ED /* MyPetListInteractor.swift */,
			);
			path = Interactor;
			sourceTree = "<group>";
		};
		854D48B62947C9FB004C43ED /* Presenter */ = {
			isa = PBXGroup;
			children = (
				854D489A2947C182004C43ED /* MyPetListPresenter.swift */,
			);
			path = Presenter;
			sourceTree = "<group>";
		};
		854D48B92947CA0E004C43ED /* Router */ = {
			isa = PBXGroup;
			children = (
				854D48B72947CA08004C43ED /* MyPetListRouter.swift */,
			);
			path = Router;
			sourceTree = "<group>";
		};
		854D48BA2947CA5F004C43ED /* View */ = {
			isa = PBXGroup;
			children = (
				853C3AAB293C002100A2F294 /* TypePetViewController.swift */,
				853C3AA9293BFF7400A2F294 /* NewPetViewController.swift */,
			);
			path = View;
			sourceTree = "<group>";
		};
		854D48BB2947CA65004C43ED /* Interactor */ = {
			isa = PBXGroup;
			children = (
				854D489C2947C211004C43ED /* NewPetInteractor.swift */,
			);
			path = Interactor;
			sourceTree = "<group>";
		};
		854D48BC2947CA8B004C43ED /* Presenter */ = {
			isa = PBXGroup;
			children = (
				854D489E2947C21A004C43ED /* NewPetPresenter.swift */,
			);
			path = Presenter;
			sourceTree = "<group>";
		};
		854D48BD2947CA92004C43ED /* Router */ = {
			isa = PBXGroup;
			children = (
				854D48A02947C225004C43ED /* NewPetRouter.swift */,
			);
			path = Router;
			sourceTree = "<group>";
		};
		854D48BE2947CAA4004C43ED /* View */ = {
			isa = PBXGroup;
			children = (
				853C3ACC293ECED000A2F294 /* EditPetViewController.swift */,
				853C3AD62940017F00A2F294 /* EditPetViewDelegate.swift */,
			);
			path = View;
			sourceTree = "<group>";
		};
		854D48BF2947CAAC004C43ED /* Presenter */ = {
			isa = PBXGroup;
			children = (
				854D48A22947C247004C43ED /* EditPetPresenter.swift */,
			);
			path = Presenter;
			sourceTree = "<group>";
		};
		854D48C02947CABB004C43ED /* Interactor */ = {
			isa = PBXGroup;
			children = (
				854D48A42947C252004C43ED /* EditPetInteractor.swift */,
			);
			path = Interactor;
			sourceTree = "<group>";
		};
		854D48C12947CAC6004C43ED /* Router */ = {
			isa = PBXGroup;
			children = (
				854D48A62947C2CB004C43ED /* EditPetRouter.swift */,
			);
			path = Router;
			sourceTree = "<group>";
		};
		854D48C22947CAE2004C43ED /* View */ = {
			isa = PBXGroup;
			children = (
				853C3AC2293E98AF00A2F294 /* PetPhotoCollectionViewController.swift */,
			);
			path = View;
			sourceTree = "<group>";
		};
		854D48C32947CAEB004C43ED /* Presenter */ = {
			isa = PBXGroup;
			children = (
				853C3B542946A95A00A2F294 /* PetPhotoPresenter.swift */,
			);
			path = Presenter;
			sourceTree = "<group>";
		};
		854D48C42947CAF9004C43ED /* Router */ = {
			isa = PBXGroup;
			children = (
				853C3B522946A91300A2F294 /* PetPhotoRouter.swift */,
			);
			path = Router;
			sourceTree = "<group>";
		};
		854D48C52947CB15004C43ED /* Interactor */ = {
			isa = PBXGroup;
			children = (
				853C3B562946A98800A2F294 /* PetPhotoInteractor.swift */,
			);
			path = Interactor;
			sourceTree = "<group>";
		};
/* End PBXGroup section */

/* Begin PBXNativeTarget section */
		854B27C7293126F200D65718 /* PetFace */ = {
			isa = PBXNativeTarget;
			buildConfigurationList = 854B27DC293126F400D65718 /* Build configuration list for PBXNativeTarget "PetFace" */;
			buildPhases = (
				854B27C4293126F200D65718 /* Sources */,
				854B27C5293126F200D65718 /* Frameworks */,
				854B27C6293126F200D65718 /* Resources */,
			);
			buildRules = (
			);
			dependencies = (
			);
			name = PetFace;
			packageProductDependencies = (
				853C3B612947988000A2F294 /* Lottie */,
				854D487E29479D8E004C43ED /* FirebaseDatabase */,
				854D488029479D8E004C43ED /* FirebaseDatabaseSwift */,
				854D488229479D8E004C43ED /* FirebaseStorage */,
			);
			productName = PetFace;
			productReference = 854B27C8293126F200D65718 /* PetFace.app */;
			productType = "com.apple.product-type.application";
		};
/* End PBXNativeTarget section */

/* Begin PBXProject section */
		854B27C0293126F200D65718 /* Project object */ = {
			isa = PBXProject;
			attributes = {
				BuildIndependentTargetsInParallel = 1;
				LastSwiftUpdateCheck = 1410;
				LastUpgradeCheck = 1410;
				TargetAttributes = {
					854B27C7293126F200D65718 = {
						CreatedOnToolsVersion = 14.1;
					};
				};
			};
			buildConfigurationList = 854B27C3293126F200D65718 /* Build configuration list for PBXProject "PetFace" */;
			compatibilityVersion = "Xcode 13.0";
			developmentRegion = en;
			hasScannedForEncodings = 0;
			knownRegions = (
				en,
				Base,
			);
			mainGroup = 854B27BF293126F200D65718;
			packageReferences = (
				853C3B602947987F00A2F294 /* XCRemoteSwiftPackageReference "lottie-ios" */,
				854D487D29479D8E004C43ED /* XCRemoteSwiftPackageReference "firebase-ios-sdk" */,
			);
			productRefGroup = 854B27C9293126F200D65718 /* Products */;
			projectDirPath = "";
			projectRoot = "";
			targets = (
				854B27C7293126F200D65718 /* PetFace */,
			);
		};
/* End PBXProject section */

/* Begin PBXResourcesBuildPhase section */
		854B27C6293126F200D65718 /* Resources */ = {
			isa = PBXResourcesBuildPhase;
			buildActionMask = 2147483647;
			files = (
				854B27D8293126F400D65718 /* LaunchScreen.storyboard in Resources */,
				854B27D5293126F400D65718 /* Assets.xcassets in Resources */,
				854D48852947A977004C43ED /* GoogleService-Info.plist in Resources */,
				853C3AD3293FB13700A2F294 /* PetCollectionViewCell.xib in Resources */,
				854B27D3293126F200D65718 /* Main.storyboard in Resources */,
			);
			runOnlyForDeploymentPostprocessing = 0;
		};
/* End PBXResourcesBuildPhase section */

/* Begin PBXSourcesBuildPhase section */
		854B27C4293126F200D65718 /* Sources */ = {
			isa = PBXSourcesBuildPhase;
			buildActionMask = 2147483647;
			files = (
				853C3ACF293FAD3600A2F294 /* ImageCollectionViewController.swift in Sources */,
				853C3B572946A98800A2F294 /* PetPhotoInteractor.swift in Sources */,
				854D48A52947C252004C43ED /* EditPetInteractor.swift in Sources */,
				854B27CC293126F200D65718 /* AppDelegate.swift in Sources */,
				854D48892947BBE5004C43ED /* PetDetailPresenter.swift in Sources */,
				854D48992947C15C004C43ED /* MyPetListInteractor.swift in Sources */,
				854D488F2947BC72004C43ED /* PetListPresenter.swift in Sources */,
				853C3AC3293E98AF00A2F294 /* PetPhotoCollectionViewController.swift in Sources */,
				853C3B5D2946AD2700A2F294 /* PetResponse.swift in Sources */,
				85CCC8592939005500DE5EB0 /* MyPetViewController.swift in Sources */,
				854D488D2947BC61004C43ED /* PetListRouter.swift in Sources */,
				853C3AAC293C002100A2F294 /* TypePetViewController.swift in Sources */,
				854D48C72947CB76004C43ED /* Configurator.swift in Sources */,
				854B27CE293126F200D65718 /* SceneDelegate.swift in Sources */,
				854D48932947BCB4004C43ED /* MyPetPhotoListRouter.swift in Sources */,
				854D48912947BC83004C43ED /* PetListInteractor.swift in Sources */,
				854D48CF2947CBA9004C43ED /* Configurator.swift in Sources */,
				853C3B5B2946AB1300A2F294 /* Networking.swift in Sources */,
				853C3B512946A5F300A2F294 /* Configurator.swift in Sources */,
				854D48A32947C247004C43ED /* EditPetPresenter.swift in Sources */,
				85CCC84D2937C8FD00DE5EB0 /* Pet.swift in Sources */,
				853C3AAA293BFF7400A2F294 /* NewPetViewController.swift in Sources */,
				854D48A72947C2CB004C43ED /* EditPetRouter.swift in Sources */,
				854D489B2947C182004C43ED /* MyPetListPresenter.swift in Sources */,
				854EFA99293A486100524409 /* MyPetCollectionViewCell.swift in Sources */,
				853C3AB5293E36A500A2F294 /* ResultsTypeTableViewController.swift in Sources */,
				853C3AD2293FB13700A2F294 /* PetCollectionViewCell.swift in Sources */,
				85CCC857293819DC00DE5EB0 /* PersonTableViewCell.swift in Sources */,
				854D48A12947C225004C43ED /* NewPetRouter.swift in Sources */,
				854D48CB2947CB8A004C43ED /* Configurator.swift in Sources */,
				854D48C92947CB80004C43ED /* Configurator.swift in Sources */,
				853C3AC1293E797500A2F294 /* PetImage.swift in Sources */,
				854D48872947BBC2004C43ED /* PetDetailRouter.swift in Sources */,
				853C3B5F2946ADCE00A2F294 /* PetImageResponse.swift in Sources */,
				85CCC85B2939007000DE5EB0 /* MyPetListViewController.swift in Sources */,
				853C3ACD293ECED000A2F294 /* EditPetViewController.swift in Sources */,
				854D48B82947CA08004C43ED /* MyPetListRouter.swift in Sources */,
				854D48952947BCE9004C43ED /* MyPetPhotoListPresenter.swift in Sources */,
				854D489F2947C21A004C43ED /* NewPetPresenter.swift in Sources */,
				85E0CB76293681FB0061A49C /* HomeViewController.swift in Sources */,
				853C3B552946A95A00A2F294 /* PetPhotoPresenter.swift in Sources */,
				853C3AD72940017F00A2F294 /* EditPetViewDelegate.swift in Sources */,
				854D489D2947C211004C43ED /* NewPetInteractor.swift in Sources */,
				854D48CD2947CB99004C43ED /* Configurator.swift in Sources */,
				85CCC84F2937F8FD00DE5EB0 /* PetDetailViewController.swift in Sources */,
				853C3B532946A91300A2F294 /* PetPhotoRouter.swift in Sources */,
				854D488B2947BC03004C43ED /* PetDetailInteractor.swift in Sources */,
				854D48972947BD5D004C43ED /* MyPetPhotoListInteractor.swift in Sources */,
			);
			runOnlyForDeploymentPostprocessing = 0;
		};
/* End PBXSourcesBuildPhase section */

/* Begin PBXVariantGroup section */
		854B27D1293126F200D65718 /* Main.storyboard */ = {
			isa = PBXVariantGroup;
			children = (
				854B27D2293126F200D65718 /* Base */,
			);
			name = Main.storyboard;
			sourceTree = "<group>";
		};
		854B27D6293126F400D65718 /* LaunchScreen.storyboard */ = {
			isa = PBXVariantGroup;
			children = (
				854B27D7293126F400D65718 /* Base */,
			);
			name = LaunchScreen.storyboard;
			sourceTree = "<group>";
		};
/* End PBXVariantGroup section */

/* Begin XCBuildConfiguration section */
		854B27DA293126F400D65718 /* Debug */ = {
			isa = XCBuildConfiguration;
			buildSettings = {
				ALWAYS_SEARCH_USER_PATHS = NO;
				CLANG_ANALYZER_NONNULL = YES;
				CLANG_ANALYZER_NUMBER_OBJECT_CONVERSION = YES_AGGRESSIVE;
				CLANG_CXX_LANGUAGE_STANDARD = "gnu++20";
				CLANG_ENABLE_MODULES = YES;
				CLANG_ENABLE_OBJC_ARC = YES;
				CLANG_ENABLE_OBJC_WEAK = YES;
				CLANG_WARN_BLOCK_CAPTURE_AUTORELEASING = YES;
				CLANG_WARN_BOOL_CONVERSION = YES;
				CLANG_WARN_COMMA = YES;
				CLANG_WARN_CONSTANT_CONVERSION = YES;
				CLANG_WARN_DEPRECATED_OBJC_IMPLEMENTATIONS = YES;
				CLANG_WARN_DIRECT_OBJC_ISA_USAGE = YES_ERROR;
				CLANG_WARN_DOCUMENTATION_COMMENTS = YES;
				CLANG_WARN_EMPTY_BODY = YES;
				CLANG_WARN_ENUM_CONVERSION = YES;
				CLANG_WARN_INFINITE_RECURSION = YES;
				CLANG_WARN_INT_CONVERSION = YES;
				CLANG_WARN_NON_LITERAL_NULL_CONVERSION = YES;
				CLANG_WARN_OBJC_IMPLICIT_RETAIN_SELF = YES;
				CLANG_WARN_OBJC_LITERAL_CONVERSION = YES;
				CLANG_WARN_OBJC_ROOT_CLASS = YES_ERROR;
				CLANG_WARN_QUOTED_INCLUDE_IN_FRAMEWORK_HEADER = YES;
				CLANG_WARN_RANGE_LOOP_ANALYSIS = YES;
				CLANG_WARN_STRICT_PROTOTYPES = YES;
				CLANG_WARN_SUSPICIOUS_MOVE = YES;
				CLANG_WARN_UNGUARDED_AVAILABILITY = YES_AGGRESSIVE;
				CLANG_WARN_UNREACHABLE_CODE = YES;
				CLANG_WARN__DUPLICATE_METHOD_MATCH = YES;
				COPY_PHASE_STRIP = NO;
				DEBUG_INFORMATION_FORMAT = dwarf;
				ENABLE_STRICT_OBJC_MSGSEND = YES;
				ENABLE_TESTABILITY = YES;
				GCC_C_LANGUAGE_STANDARD = gnu11;
				GCC_DYNAMIC_NO_PIC = NO;
				GCC_NO_COMMON_BLOCKS = YES;
				GCC_OPTIMIZATION_LEVEL = 0;
				GCC_PREPROCESSOR_DEFINITIONS = (
					"DEBUG=1",
					"$(inherited)",
				);
				GCC_WARN_64_TO_32_BIT_CONVERSION = YES;
				GCC_WARN_ABOUT_RETURN_TYPE = YES_ERROR;
				GCC_WARN_UNDECLARED_SELECTOR = YES;
				GCC_WARN_UNINITIALIZED_AUTOS = YES_AGGRESSIVE;
				GCC_WARN_UNUSED_FUNCTION = YES;
				GCC_WARN_UNUSED_VARIABLE = YES;
				IPHONEOS_DEPLOYMENT_TARGET = 16.1;
				MTL_ENABLE_DEBUG_INFO = INCLUDE_SOURCE;
				MTL_FAST_MATH = YES;
				ONLY_ACTIVE_ARCH = YES;
				SDKROOT = iphoneos;
				SWIFT_ACTIVE_COMPILATION_CONDITIONS = DEBUG;
				SWIFT_OPTIMIZATION_LEVEL = "-Onone";
			};
			name = Debug;
		};
		854B27DB293126F400D65718 /* Release */ = {
			isa = XCBuildConfiguration;
			buildSettings = {
				ALWAYS_SEARCH_USER_PATHS = NO;
				CLANG_ANALYZER_NONNULL = YES;
				CLANG_ANALYZER_NUMBER_OBJECT_CONVERSION = YES_AGGRESSIVE;
				CLANG_CXX_LANGUAGE_STANDARD = "gnu++20";
				CLANG_ENABLE_MODULES = YES;
				CLANG_ENABLE_OBJC_ARC = YES;
				CLANG_ENABLE_OBJC_WEAK = YES;
				CLANG_WARN_BLOCK_CAPTURE_AUTORELEASING = YES;
				CLANG_WARN_BOOL_CONVERSION = YES;
				CLANG_WARN_COMMA = YES;
				CLANG_WARN_CONSTANT_CONVERSION = YES;
				CLANG_WARN_DEPRECATED_OBJC_IMPLEMENTATIONS = YES;
				CLANG_WARN_DIRECT_OBJC_ISA_USAGE = YES_ERROR;
				CLANG_WARN_DOCUMENTATION_COMMENTS = YES;
				CLANG_WARN_EMPTY_BODY = YES;
				CLANG_WARN_ENUM_CONVERSION = YES;
				CLANG_WARN_INFINITE_RECURSION = YES;
				CLANG_WARN_INT_CONVERSION = YES;
				CLANG_WARN_NON_LITERAL_NULL_CONVERSION = YES;
				CLANG_WARN_OBJC_IMPLICIT_RETAIN_SELF = YES;
				CLANG_WARN_OBJC_LITERAL_CONVERSION = YES;
				CLANG_WARN_OBJC_ROOT_CLASS = YES_ERROR;
				CLANG_WARN_QUOTED_INCLUDE_IN_FRAMEWORK_HEADER = YES;
				CLANG_WARN_RANGE_LOOP_ANALYSIS = YES;
				CLANG_WARN_STRICT_PROTOTYPES = YES;
				CLANG_WARN_SUSPICIOUS_MOVE = YES;
				CLANG_WARN_UNGUARDED_AVAILABILITY = YES_AGGRESSIVE;
				CLANG_WARN_UNREACHABLE_CODE = YES;
				CLANG_WARN__DUPLICATE_METHOD_MATCH = YES;
				COPY_PHASE_STRIP = NO;
				DEBUG_INFORMATION_FORMAT = "dwarf-with-dsym";
				ENABLE_NS_ASSERTIONS = NO;
				ENABLE_STRICT_OBJC_MSGSEND = YES;
				GCC_C_LANGUAGE_STANDARD = gnu11;
				GCC_NO_COMMON_BLOCKS = YES;
				GCC_WARN_64_TO_32_BIT_CONVERSION = YES;
				GCC_WARN_ABOUT_RETURN_TYPE = YES_ERROR;
				GCC_WARN_UNDECLARED_SELECTOR = YES;
				GCC_WARN_UNINITIALIZED_AUTOS = YES_AGGRESSIVE;
				GCC_WARN_UNUSED_FUNCTION = YES;
				GCC_WARN_UNUSED_VARIABLE = YES;
				IPHONEOS_DEPLOYMENT_TARGET = 16.1;
				MTL_ENABLE_DEBUG_INFO = NO;
				MTL_FAST_MATH = YES;
				SDKROOT = iphoneos;
				SWIFT_COMPILATION_MODE = wholemodule;
				SWIFT_OPTIMIZATION_LEVEL = "-O";
				VALIDATE_PRODUCT = YES;
			};
			name = Release;
		};
		854B27DD293126F400D65718 /* Debug */ = {
			isa = XCBuildConfiguration;
			buildSettings = {
				ASSETCATALOG_COMPILER_APPICON_NAME = AppIcon;
				ASSETCATALOG_COMPILER_GLOBAL_ACCENT_COLOR_NAME = AccentColor;
				CODE_SIGN_STYLE = Automatic;
				CURRENT_PROJECT_VERSION = 1;
				GENERATE_INFOPLIST_FILE = YES;
				INFOPLIST_FILE = PetFace/Info.plist;
				INFOPLIST_KEY_UIApplicationSupportsIndirectInputEvents = YES;
				INFOPLIST_KEY_UILaunchStoryboardName = LaunchScreen;
				INFOPLIST_KEY_UIMainStoryboardFile = Main;
				INFOPLIST_KEY_UISupportedInterfaceOrientations_iPad = "UIInterfaceOrientationPortrait UIInterfaceOrientationPortraitUpsideDown UIInterfaceOrientationLandscapeLeft UIInterfaceOrientationLandscapeRight";
				INFOPLIST_KEY_UISupportedInterfaceOrientations_iPhone = "UIInterfaceOrientationPortrait UIInterfaceOrientationLandscapeLeft UIInterfaceOrientationLandscapeRight";
				LD_RUNPATH_SEARCH_PATHS = (
					"$(inherited)",
					"@executable_path/Frameworks",
				);
				MARKETING_VERSION = 1.0;
				PRODUCT_BUNDLE_IDENTIFIER = pe.margaret.PetFace;
				PRODUCT_NAME = "$(TARGET_NAME)";
				SWIFT_EMIT_LOC_STRINGS = YES;
				SWIFT_VERSION = 5.0;
				TARGETED_DEVICE_FAMILY = "1,2";
			};
			name = Debug;
		};
		854B27DE293126F400D65718 /* Release */ = {
			isa = XCBuildConfiguration;
			buildSettings = {
				ASSETCATALOG_COMPILER_APPICON_NAME = AppIcon;
				ASSETCATALOG_COMPILER_GLOBAL_ACCENT_COLOR_NAME = AccentColor;
				CODE_SIGN_STYLE = Automatic;
				CURRENT_PROJECT_VERSION = 1;
				GENERATE_INFOPLIST_FILE = YES;
				INFOPLIST_FILE = PetFace/Info.plist;
				INFOPLIST_KEY_UIApplicationSupportsIndirectInputEvents = YES;
				INFOPLIST_KEY_UILaunchStoryboardName = LaunchScreen;
				INFOPLIST_KEY_UIMainStoryboardFile = Main;
				INFOPLIST_KEY_UISupportedInterfaceOrientations_iPad = "UIInterfaceOrientationPortrait UIInterfaceOrientationPortraitUpsideDown UIInterfaceOrientationLandscapeLeft UIInterfaceOrientationLandscapeRight";
				INFOPLIST_KEY_UISupportedInterfaceOrientations_iPhone = "UIInterfaceOrientationPortrait UIInterfaceOrientationLandscapeLeft UIInterfaceOrientationLandscapeRight";
				LD_RUNPATH_SEARCH_PATHS = (
					"$(inherited)",
					"@executable_path/Frameworks",
				);
				MARKETING_VERSION = 1.0;
				PRODUCT_BUNDLE_IDENTIFIER = pe.margaret.PetFace;
				PRODUCT_NAME = "$(TARGET_NAME)";
				SWIFT_EMIT_LOC_STRINGS = YES;
				SWIFT_VERSION = 5.0;
				TARGETED_DEVICE_FAMILY = "1,2";
			};
			name = Release;
		};
/* End XCBuildConfiguration section */

/* Begin XCConfigurationList section */
		854B27C3293126F200D65718 /* Build configuration list for PBXProject "PetFace" */ = {
			isa = XCConfigurationList;
			buildConfigurations = (
				854B27DA293126F400D65718 /* Debug */,
				854B27DB293126F400D65718 /* Release */,
			);
			defaultConfigurationIsVisible = 0;
			defaultConfigurationName = Release;
		};
		854B27DC293126F400D65718 /* Build configuration list for PBXNativeTarget "PetFace" */ = {
			isa = XCConfigurationList;
			buildConfigurations = (
				854B27DD293126F400D65718 /* Debug */,
				854B27DE293126F400D65718 /* Release */,
			);
			defaultConfigurationIsVisible = 0;
			defaultConfigurationName = Release;
		};
/* End XCConfigurationList section */

/* Begin XCRemoteSwiftPackageReference section */
		853C3B602947987F00A2F294 /* XCRemoteSwiftPackageReference "lottie-ios" */ = {
			isa = XCRemoteSwiftPackageReference;
			repositoryURL = "https://github.com/airbnb/lottie-ios.git";
			requirement = {
				kind = upToNextMajorVersion;
				minimumVersion = 4.0.0;
			};
		};
		854D487D29479D8E004C43ED /* XCRemoteSwiftPackageReference "firebase-ios-sdk" */ = {
			isa = XCRemoteSwiftPackageReference;
			repositoryURL = "https://github.com/firebase/firebase-ios-sdk.git";
			requirement = {
				kind = upToNextMajorVersion;
				minimumVersion = 9.0.0;
			};
		};
/* End XCRemoteSwiftPackageReference section */

/* Begin XCSwiftPackageProductDependency section */
		853C3B612947988000A2F294 /* Lottie */ = {
			isa = XCSwiftPackageProductDependency;
			package = 853C3B602947987F00A2F294 /* XCRemoteSwiftPackageReference "lottie-ios" */;
			productName = Lottie;
		};
		854D487E29479D8E004C43ED /* FirebaseDatabase */ = {
			isa = XCSwiftPackageProductDependency;
			package = 854D487D29479D8E004C43ED /* XCRemoteSwiftPackageReference "firebase-ios-sdk" */;
			productName = FirebaseDatabase;
		};
		854D488029479D8E004C43ED /* FirebaseDatabaseSwift */ = {
			isa = XCSwiftPackageProductDependency;
			package = 854D487D29479D8E004C43ED /* XCRemoteSwiftPackageReference "firebase-ios-sdk" */;
			productName = FirebaseDatabaseSwift;
		};
		854D488229479D8E004C43ED /* FirebaseStorage */ = {
			isa = XCSwiftPackageProductDependency;
			package = 854D487D29479D8E004C43ED /* XCRemoteSwiftPackageReference "firebase-ios-sdk" */;
			productName = FirebaseStorage;
		};
/* End XCSwiftPackageProductDependency section */
	};
	rootObject = 854B27C0293126F200D65718 /* Project object */;
}
